
Microsoft Visual Studio Solution File, Format Version 12.00
# Visual Studio 15
VisualStudioVersion = 15.0.26730.16
MinimumVisualStudioVersion = 10.0.40219.1
Project("{FAE04EC0-301F-11D3-BF4B-00C04F79EFBC}") = "ProjectXam.Android", "ProjectXam\ProjectXam.Android\ProjectXam.Android.csproj", "{60CA9E00-C8B8-4900-87FB-0396654EC971}"
EndProject
Project("{FAE04EC0-301F-11D3-BF4B-00C04F79EFBC}") = "ProjectXam", "ProjectXam\ProjectXam\ProjectXam.csproj", "{AF547396-9C48-45B0-8A1B-0E4D57B0BCBB}"
EndProject
Project("{FAE04EC0-301F-11D3-BF4B-00C04F79EFBC}") = "ProjectXam.UWP", "ProjectXam\ProjectXam.UWP\ProjectXam.UWP.csproj", "{2727ED2F-1F5B-450A-B5C9-785210FA3844}"
EndProject
Project("{FAE04EC0-301F-11D3-BF4B-00C04F79EFBC}") = "ProjectXam.iOS", "ProjectXam\ProjectXam.iOS\ProjectXam.iOS.csproj", "{E4DDF981-04D7-4A25-BA8D-6F4DED70999F}"
EndProject
Global
	GlobalSection(SolutionConfigurationPlatforms) = preSolution
		Ad-Hoc|Any CPU = Ad-Hoc|Any CPU
		Ad-Hoc|ARM = Ad-Hoc|ARM
		Ad-Hoc|iPhone = Ad-Hoc|iPhone
		Ad-Hoc|iPhoneSimulator = Ad-Hoc|iPhoneSimulator
		Ad-Hoc|x64 = Ad-Hoc|x64
		Ad-Hoc|x86 = Ad-Hoc|x86
		AppStore|Any CPU = AppStore|Any CPU
		AppStore|ARM = AppStore|ARM
		AppStore|iPhone = AppStore|iPhone
		AppStore|iPhoneSimulator = AppStore|iPhoneSimulator
		AppStore|x64 = AppStore|x64
		AppStore|x86 = AppStore|x86
		Debug|Any CPU = Debug|Any CPU
		Debug|ARM = Debug|ARM
		Debug|iPhone = Debug|iPhone
		Debug|iPhoneSimulator = Debug|iPhoneSimulator
		Debug|x64 = Debug|x64
		Debug|x86 = Debug|x86
		Release|Any CPU = Release|Any CPU
		Release|ARM = Release|ARM
		Release|iPhone = Release|iPhone
		Release|iPhoneSimulator = Release|iPhoneSimulator
		Release|x64 = Release|x64
		Release|x86 = Release|x86
	EndGlobalSection
	GlobalSection(ProjectConfigurationPlatforms) = postSolution
		{60CA9E00-C8B8-4900-87FB-0396654EC971}.Ad-Hoc|Any CPU.ActiveCfg = Release|Any CPU
		{60CA9E00-C8B8-4900-87FB-0396654EC971}.Ad-Hoc|Any CPU.Build.0 = Release|Any CPU
		{60CA9E00-C8B8-4900-87FB-0396654EC971}.Ad-Hoc|Any CPU.Deploy.0 = Release|Any CPU
		{60CA9E00-C8B8-4900-87FB-0396654EC971}.Ad-Hoc|ARM.ActiveCfg = Release|Any CPU
		{60CA9E00-C8B8-4900-87FB-0396654EC971}.Ad-Hoc|ARM.Build.0 = Release|Any CPU
		{60CA9E00-C8B8-4900-87FB-0396654EC971}.Ad-Hoc|ARM.Deploy.0 = Release|Any CPU
		{60CA9E00-C8B8-4900-87FB-0396654EC971}.Ad-Hoc|iPhone.ActiveCfg = Release|Any CPU
		{60CA9E00-C8B8-4900-87FB-0396654EC971}.Ad-Hoc|iPhone.Build.0 = Release|Any CPU
		{60CA9E00-C8B8-4900-87FB-0396654EC971}.Ad-Hoc|iPhone.Deploy.0 = Release|Any CPU
		{60CA9E00-C8B8-4900-87FB-0396654EC971}.Ad-Hoc|iPhoneSimulator.ActiveCfg = Release|Any CPU
		{60CA9E00-C8B8-4900-87FB-0396654EC971}.Ad-Hoc|iPhoneSimulator.Build.0 = Release|Any CPU
		{60CA9E00-C8B8-4900-87FB-0396654EC971}.Ad-Hoc|iPhoneSimulator.Deploy.0 = Release|Any CPU
		{60CA9E00-C8B8-4900-87FB-0396654EC971}.Ad-Hoc|x64.ActiveCfg = Release|Any CPU
		{60CA9E00-C8B8-4900-87FB-0396654EC971}.Ad-Hoc|x64.Build.0 = Release|Any CPU
		{60CA9E00-C8B8-4900-87FB-0396654EC971}.Ad-Hoc|x64.Deploy.0 = Release|Any CPU
		{60CA9E00-C8B8-4900-87FB-0396654EC971}.Ad-Hoc|x86.ActiveCfg = Release|Any CPU
		{60CA9E00-C8B8-4900-87FB-0396654EC971}.Ad-Hoc|x86.Build.0 = Release|Any CPU
		{60CA9E00-C8B8-4900-87FB-0396654EC971}.Ad-Hoc|x86.Deploy.0 = Release|Any CPU
		{60CA9E00-C8B8-4900-87FB-0396654EC971}.AppStore|Any CPU.ActiveCfg = Release|Any CPU
		{60CA9E00-C8B8-4900-87FB-0396654EC971}.AppStore|Any CPU.Build.0 = Release|Any CPU
		{60CA9E00-C8B8-4900-87FB-0396654EC971}.AppStore|Any CPU.Deploy.0 = Release|Any CPU
		{60CA9E00-C8B8-4900-87FB-0396654EC971}.AppStore|ARM.ActiveCfg = Release|Any CPU
		{60CA9E00-C8B8-4900-87FB-0396654EC971}.AppStore|ARM.Build.0 = Release|Any CPU
		{60CA9E00-C8B8-4900-87FB-0396654EC971}.AppStore|ARM.Deploy.0 = Release|Any CPU
		{60CA9E00-C8B8-4900-87FB-0396654EC971}.AppStore|iPhone.ActiveCfg = Release|Any CPU
		{60CA9E00-C8B8-4900-87FB-0396654EC971}.AppStore|iPhone.Build.0 = Release|Any CPU
		{60CA9E00-C8B8-4900-87FB-0396654EC971}.AppStore|iPhone.Deploy.0 = Release|Any CPU
		{60CA9E00-C8B8-4900-87FB-0396654EC971}.AppStore|iPhoneSimulator.ActiveCfg = Release|Any CPU
		{60CA9E00-C8B8-4900-87FB-0396654EC971}.AppStore|iPhoneSimulator.Build.0 = Release|Any CPU
		{60CA9E00-C8B8-4900-87FB-0396654EC971}.AppStore|iPhoneSimulator.Deploy.0 = Release|Any CPU
		{60CA9E00-C8B8-4900-87FB-0396654EC971}.AppStore|x64.ActiveCfg = Release|Any CPU
		{60CA9E00-C8B8-4900-87FB-0396654EC971}.AppStore|x64.Build.0 = Release|Any CPU
		{60CA9E00-C8B8-4900-87FB-0396654EC971}.AppStore|x64.Deploy.0 = Release|Any CPU
		{60CA9E00-C8B8-4900-87FB-0396654EC971}.AppStore|x86.ActiveCfg = Release|Any CPU
		{60CA9E00-C8B8-4900-87FB-0396654EC971}.AppStore|x86.Build.0 = Release|Any CPU
		{60CA9E00-C8B8-4900-87FB-0396654EC971}.AppStore|x86.Deploy.0 = Release|Any CPU
		{60CA9E00-C8B8-4900-87FB-0396654EC971}.Debug|Any CPU.ActiveCfg = Debug|Any CPU
		{60CA9E00-C8B8-4900-87FB-0396654EC971}.Debug|Any CPU.Build.0 = Debug|Any CPU
		{60CA9E00-C8B8-4900-87FB-0396654EC971}.Debug|Any CPU.Deploy.0 = Debug|Any CPU
		{60CA9E00-C8B8-4900-87FB-0396654EC971}.Debug|ARM.ActiveCfg = Debug|Any CPU
		{60CA9E00-C8B8-4900-87FB-0396654EC971}.Debug|ARM.Build.0 = Debug|Any CPU
		{60CA9E00-C8B8-4900-87FB-0396654EC971}.Debug|ARM.Deploy.0 = Debug|Any CPU
		{60CA9E00-C8B8-4900-87FB-0396654EC971}.Debug|iPhone.ActiveCfg = Debug|Any CPU
		{60CA9E00-C8B8-4900-87FB-0396654EC971}.Debug|iPhone.Build.0 = Debug|Any CPU
		{60CA9E00-C8B8-4900-87FB-0396654EC971}.Debug|iPhone.Deploy.0 = Debug|Any CPU
		{60CA9E00-C8B8-4900-87FB-0396654EC971}.Debug|iPhoneSimulator.ActiveCfg = Debug|Any CPU
		{60CA9E00-C8B8-4900-87FB-0396654EC971}.Debug|iPhoneSimulator.Build.0 = Debug|Any CPU
		{60CA9E00-C8B8-4900-87FB-0396654EC971}.Debug|iPhoneSimulator.Deploy.0 = Debug|Any CPU
		{60CA9E00-C8B8-4900-87FB-0396654EC971}.Debug|x64.ActiveCfg = Debug|Any CPU
		{60CA9E00-C8B8-4900-87FB-0396654EC971}.Debug|x64.Build.0 = Debug|Any CPU
		{60CA9E00-C8B8-4900-87FB-0396654EC971}.Debug|x64.Deploy.0 = Debug|Any CPU
		{60CA9E00-C8B8-4900-87FB-0396654EC971}.Debug|x86.ActiveCfg = Debug|Any CPU
		{60CA9E00-C8B8-4900-87FB-0396654EC971}.Debug|x86.Build.0 = Debug|Any CPU
		{60CA9E00-C8B8-4900-87FB-0396654EC971}.Debug|x86.Deploy.0 = Debug|Any CPU
		{60CA9E00-C8B8-4900-87FB-0396654EC971}.Release|Any CPU.ActiveCfg = Release|Any CPU
		{60CA9E00-C8B8-4900-87FB-0396654EC971}.Release|Any CPU.Build.0 = Release|Any CPU
		{60CA9E00-C8B8-4900-87FB-0396654EC971}.Release|Any CPU.Deploy.0 = Release|Any CPU
		{60CA9E00-C8B8-4900-87FB-0396654EC971}.Release|ARM.ActiveCfg = Release|Any CPU
		{60CA9E00-C8B8-4900-87FB-0396654EC971}.Release|ARM.Build.0 = Release|Any CPU
		{60CA9E00-C8B8-4900-87FB-0396654EC971}.Release|ARM.Deploy.0 = Release|Any CPU
		{60CA9E00-C8B8-4900-87FB-0396654EC971}.Release|iPhone.ActiveCfg = Release|Any CPU
		{60CA9E00-C8B8-4900-87FB-0396654EC971}.Release|iPhone.Build.0 = Release|Any CPU
		{60CA9E00-C8B8-4900-87FB-0396654EC971}.Release|iPhone.Deploy.0 = Release|Any CPU
		{60CA9E00-C8B8-4900-87FB-0396654EC971}.Release|iPhoneSimulator.ActiveCfg = Release|Any CPU
		{60CA9E00-C8B8-4900-87FB-0396654EC971}.Release|iPhoneSimulator.Build.0 = Release|Any CPU
		{60CA9E00-C8B8-4900-87FB-0396654EC971}.Release|iPhoneSimulator.Deploy.0 = Release|Any CPU
		{60CA9E00-C8B8-4900-87FB-0396654EC971}.Release|x64.ActiveCfg = Release|Any CPU
		{60CA9E00-C8B8-4900-87FB-0396654EC971}.Release|x64.Build.0 = Release|Any CPU
		{60CA9E00-C8B8-4900-87FB-0396654EC971}.Release|x64.Deploy.0 = Release|Any CPU
		{60CA9E00-C8B8-4900-87FB-0396654EC971}.Release|x86.ActiveCfg = Release|Any CPU
		{60CA9E00-C8B8-4900-87FB-0396654EC971}.Release|x86.Build.0 = Release|Any CPU
		{60CA9E00-C8B8-4900-87FB-0396654EC971}.Release|x86.Deploy.0 = Release|Any CPU
		{AF547396-9C48-45B0-8A1B-0E4D57B0BCBB}.Ad-Hoc|Any CPU.ActiveCfg = Release|Any CPU
		{AF547396-9C48-45B0-8A1B-0E4D57B0BCBB}.Ad-Hoc|Any CPU.Build.0 = Release|Any CPU
		{AF547396-9C48-45B0-8A1B-0E4D57B0BCBB}.Ad-Hoc|ARM.ActiveCfg = Release|Any CPU
		{AF547396-9C48-45B0-8A1B-0E4D57B0BCBB}.Ad-Hoc|ARM.Build.0 = Release|Any CPU
		{AF547396-9C48-45B0-8A1B-0E4D57B0BCBB}.Ad-Hoc|iPhone.ActiveCfg = Release|Any CPU
		{AF547396-9C48-45B0-8A1B-0E4D57B0BCBB}.Ad-Hoc|iPhone.Build.0 = Release|Any CPU
		{AF547396-9C48-45B0-8A1B-0E4D57B0BCBB}.Ad-Hoc|iPhoneSimulator.ActiveCfg = Release|Any CPU
		{AF547396-9C48-45B0-8A1B-0E4D57B0BCBB}.Ad-Hoc|iPhoneSimulator.Build.0 = Release|Any CPU
		{AF547396-9C48-45B0-8A1B-0E4D57B0BCBB}.Ad-Hoc|x64.ActiveCfg = Release|Any CPU
		{AF547396-9C48-45B0-8A1B-0E4D57B0BCBB}.Ad-Hoc|x64.Build.0 = Release|Any CPU
		{AF547396-9C48-45B0-8A1B-0E4D57B0BCBB}.Ad-Hoc|x86.ActiveCfg = Release|Any CPU
		{AF547396-9C48-45B0-8A1B-0E4D57B0BCBB}.Ad-Hoc|x86.Build.0 = Release|Any CPU
		{AF547396-9C48-45B0-8A1B-0E4D57B0BCBB}.AppStore|Any CPU.ActiveCfg = Release|Any CPU
		{AF547396-9C48-45B0-8A1B-0E4D57B0BCBB}.AppStore|Any CPU.Build.0 = Release|Any CPU
		{AF547396-9C48-45B0-8A1B-0E4D57B0BCBB}.AppStore|ARM.ActiveCfg = Release|Any CPU
		{AF547396-9C48-45B0-8A1B-0E4D57B0BCBB}.AppStore|ARM.Build.0 = Release|Any CPU
		{AF547396-9C48-45B0-8A1B-0E4D57B0BCBB}.AppStore|iPhone.ActiveCfg = Release|Any CPU
		{AF547396-9C48-45B0-8A1B-0E4D57B0BCBB}.AppStore|iPhone.Build.0 = Release|Any CPU
		{AF547396-9C48-45B0-8A1B-0E4D57B0BCBB}.AppStore|iPhoneSimulator.ActiveCfg = Release|Any CPU
		{AF547396-9C48-45B0-8A1B-0E4D57B0BCBB}.AppStore|iPhoneSimulator.Build.0 = Release|Any CPU
		{AF547396-9C48-45B0-8A1B-0E4D57B0BCBB}.AppStore|x64.ActiveCfg = Release|Any CPU
		{AF547396-9C48-45B0-8A1B-0E4D57B0BCBB}.AppStore|x64.Build.0 = Release|Any CPU
		{AF547396-9C48-45B0-8A1B-0E4D57B0BCBB}.AppStore|x86.ActiveCfg = Release|Any CPU
		{AF547396-9C48-45B0-8A1B-0E4D57B0BCBB}.AppStore|x86.Build.0 = Release|Any CPU
		{AF547396-9C48-45B0-8A1B-0E4D57B0BCBB}.Debug|Any CPU.ActiveCfg = Debug|Any CPU
		{AF547396-9C48-45B0-8A1B-0E4D57B0BCBB}.Debug|Any CPU.Build.0 = Debug|Any CPU
		{AF547396-9C48-45B0-8A1B-0E4D57B0BCBB}.Debug|ARM.ActiveCfg = Debug|Any CPU
		{AF547396-9C48-45B0-8A1B-0E4D57B0BCBB}.Debug|ARM.Build.0 = Debug|Any CPU
		{AF547396-9C48-45B0-8A1B-0E4D57B0BCBB}.Debug|iPhone.ActiveCfg = Debug|Any CPU
		{AF547396-9C48-45B0-8A1B-0E4D57B0BCBB}.Debug|iPhone.Build.0 = Debug|Any CPU
		{AF547396-9C48-45B0-8A1B-0E4D57B0BCBB}.Debug|iPhoneSimulator.ActiveCfg = Debug|Any CPU
		{AF547396-9C48-45B0-8A1B-0E4D57B0BCBB}.Debug|iPhoneSimulator.Build.0 = Debug|Any CPU
		{AF547396-9C48-45B0-8A1B-0E4D57B0BCBB}.Debug|x64.ActiveCfg = Debug|Any CPU
		{AF547396-9C48-45B0-8A1B-0E4D57B0BCBB}.Debug|x64.Build.0 = Debug|Any CPU
		{AF547396-9C48-45B0-8A1B-0E4D57B0BCBB}.Debug|x86.ActiveCfg = Debug|Any CPU
		{AF547396-9C48-45B0-8A1B-0E4D57B0BCBB}.Debug|x86.Build.0 = Debug|Any CPU
		{AF547396-9C48-45B0-8A1B-0E4D57B0BCBB}.Release|Any CPU.ActiveCfg = Release|Any CPU
		{AF547396-9C48-45B0-8A1B-0E4D57B0BCBB}.Release|Any CPU.Build.0 = Release|Any CPU
		{AF547396-9C48-45B0-8A1B-0E4D57B0BCBB}.Release|ARM.ActiveCfg = Release|Any CPU
		{AF547396-9C48-45B0-8A1B-0E4D57B0BCBB}.Release|ARM.Build.0 = Release|Any CPU
		{AF547396-9C48-45B0-8A1B-0E4D57B0BCBB}.Release|iPhone.ActiveCfg = Release|Any CPU
		{AF547396-9C48-45B0-8A1B-0E4D57B0BCBB}.Release|iPhone.Build.0 = Release|Any CPU
		{AF547396-9C48-45B0-8A1B-0E4D57B0BCBB}.Release|iPhoneSimulator.ActiveCfg = Release|Any CPU
		{AF547396-9C48-45B0-8A1B-0E4D57B0BCBB}.Release|iPhoneSimulator.Build.0 = Release|Any CPU
		{AF547396-9C48-45B0-8A1B-0E4D57B0BCBB}.Release|x64.ActiveCfg = Release|Any CPU
		{AF547396-9C48-45B0-8A1B-0E4D57B0BCBB}.Release|x64.Build.0 = Release|Any CPU
		{AF547396-9C48-45B0-8A1B-0E4D57B0BCBB}.Release|x86.ActiveCfg = Release|Any CPU
		{AF547396-9C48-45B0-8A1B-0E4D57B0BCBB}.Release|x86.Build.0 = Release|Any CPU
		{2727ED2F-1F5B-450A-B5C9-785210FA3844}.Ad-Hoc|Any CPU.ActiveCfg = Release|x86
		{2727ED2F-1F5B-450A-B5C9-785210FA3844}.Ad-Hoc|Any CPU.Build.0 = Release|x86
		{2727ED2F-1F5B-450A-B5C9-785210FA3844}.Ad-Hoc|Any CPU.Deploy.0 = Release|x86
		{2727ED2F-1F5B-450A-B5C9-785210FA3844}.Ad-Hoc|ARM.ActiveCfg = Release|ARM
		{2727ED2F-1F5B-450A-B5C9-785210FA3844}.Ad-Hoc|ARM.Build.0 = Release|ARM
		{2727ED2F-1F5B-450A-B5C9-785210FA3844}.Ad-Hoc|ARM.Deploy.0 = Release|ARM
		{2727ED2F-1F5B-450A-B5C9-785210FA3844}.Ad-Hoc|iPhone.ActiveCfg = Release|x86
		{2727ED2F-1F5B-450A-B5C9-785210FA3844}.Ad-Hoc|iPhone.Build.0 = Release|x86
		{2727ED2F-1F5B-450A-B5C9-785210FA3844}.Ad-Hoc|iPhone.Deploy.0 = Release|x86
		{2727ED2F-1F5B-450A-B5C9-785210FA3844}.Ad-Hoc|iPhoneSimulator.ActiveCfg = Release|x86
		{2727ED2F-1F5B-450A-B5C9-785210FA3844}.Ad-Hoc|iPhoneSimulator.Build.0 = Release|x86
		{2727ED2F-1F5B-450A-B5C9-785210FA3844}.Ad-Hoc|iPhoneSimulator.Deploy.0 = Release|x86
		{2727ED2F-1F5B-450A-B5C9-785210FA3844}.Ad-Hoc|x64.ActiveCfg = Release|x64
		{2727ED2F-1F5B-450A-B5C9-785210FA3844}.Ad-Hoc|x64.Build.0 = Release|x64
		{2727ED2F-1F5B-450A-B5C9-785210FA3844}.Ad-Hoc|x64.Deploy.0 = Release|x64
		{2727ED2F-1F5B-450A-B5C9-785210FA3844}.Ad-Hoc|x86.ActiveCfg = Release|x86
		{2727ED2F-1F5B-450A-B5C9-785210FA3844}.Ad-Hoc|x86.Build.0 = Release|x86
		{2727ED2F-1F5B-450A-B5C9-785210FA3844}.Ad-Hoc|x86.Deploy.0 = Release|x86
		{2727ED2F-1F5B-450A-B5C9-785210FA3844}.AppStore|Any CPU.ActiveCfg = Release|x86
		{2727ED2F-1F5B-450A-B5C9-785210FA3844}.AppStore|Any CPU.Build.0 = Release|x86
		{2727ED2F-1F5B-450A-B5C9-785210FA3844}.AppStore|Any CPU.Deploy.0 = Release|x86
		{2727ED2F-1F5B-450A-B5C9-785210FA3844}.AppStore|ARM.ActiveCfg = Release|ARM
		{2727ED2F-1F5B-450A-B5C9-785210FA3844}.AppStore|ARM.Build.0 = Release|ARM
		{2727ED2F-1F5B-450A-B5C9-785210FA3844}.AppStore|ARM.Deploy.0 = Release|ARM
		{2727ED2F-1F5B-450A-B5C9-785210FA3844}.AppStore|iPhone.ActiveCfg = Release|x86
		{2727ED2F-1F5B-450A-B5C9-785210FA3844}.AppStore|iPhone.Build.0 = Release|x86
		{2727ED2F-1F5B-450A-B5C9-785210FA3844}.AppStore|iPhone.Deploy.0 = Release|x86
		{2727ED2F-1F5B-450A-B5C9-785210FA3844}.AppStore|iPhoneSimulator.ActiveCfg = Release|x86
		{2727ED2F-1F5B-450A-B5C9-785210FA3844}.AppStore|iPhoneSimulator.Build.0 = Release|x86
		{2727ED2F-1F5B-450A-B5C9-785210FA3844}.AppStore|iPhoneSimulator.Deploy.0 = Release|x86
		{2727ED2F-1F5B-450A-B5C9-785210FA3844}.AppStore|x64.ActiveCfg = Release|x64
		{2727ED2F-1F5B-450A-B5C9-785210FA3844}.AppStore|x64.Build.0 = Release|x64
		{2727ED2F-1F5B-450A-B5C9-785210FA3844}.AppStore|x64.Deploy.0 = Release|x64
		{2727ED2F-1F5B-450A-B5C9-785210FA3844}.AppStore|x86.ActiveCfg = Release|x86
		{2727ED2F-1F5B-450A-B5C9-785210FA3844}.AppStore|x86.Build.0 = Release|x86
		{2727ED2F-1F5B-450A-B5C9-785210FA3844}.AppStore|x86.Deploy.0 = Release|x86
		{2727ED2F-1F5B-450A-B5C9-785210FA3844}.Debug|Any CPU.ActiveCfg = Debug|x86
		{2727ED2F-1F5B-450A-B5C9-785210FA3844}.Debug|ARM.ActiveCfg = Debug|ARM
		{2727ED2F-1F5B-450A-B5C9-785210FA3844}.Debug|ARM.Build.0 = Debug|ARM
		{2727ED2F-1F5B-450A-B5C9-785210FA3844}.Debug|ARM.Deploy.0 = Debug|ARM
		{2727ED2F-1F5B-450A-B5C9-785210FA3844}.Debug|iPhone.ActiveCfg = Debug|x86
		{2727ED2F-1F5B-450A-B5C9-785210FA3844}.Debug|iPhoneSimulator.ActiveCfg = Debug|x86
		{2727ED2F-1F5B-450A-B5C9-785210FA3844}.Debug|x64.ActiveCfg = Debug|x64
		{2727ED2F-1F5B-450A-B5C9-785210FA3844}.Debug|x64.Build.0 = Debug|x64
		{2727ED2F-1F5B-450A-B5C9-785210FA3844}.Debug|x64.Deploy.0 = Debug|x64
		{2727ED2F-1F5B-450A-B5C9-785210FA3844}.Debug|x86.ActiveCfg = Debug|x86
		{2727ED2F-1F5B-450A-B5C9-785210FA3844}.Debug|x86.Build.0 = Debug|x86
		{2727ED2F-1F5B-450A-B5C9-785210FA3844}.Debug|x86.Deploy.0 = Debug|x86
		{2727ED2F-1F5B-450A-B5C9-785210FA3844}.Release|Any CPU.ActiveCfg = Release|x86
		{2727ED2F-1F5B-450A-B5C9-785210FA3844}.Release|ARM.ActiveCfg = Release|ARM
		{2727ED2F-1F5B-450A-B5C9-785210FA3844}.Release|ARM.Build.0 = Release|ARM
		{2727ED2F-1F5B-450A-B5C9-785210FA3844}.Release|ARM.Deploy.0 = Release|ARM
		{2727ED2F-1F5B-450A-B5C9-785210FA3844}.Release|iPhone.ActiveCfg = Release|x86
		{2727ED2F-1F5B-450A-B5C9-785210FA3844}.Release|iPhoneSimulator.ActiveCfg = Release|x86
		{2727ED2F-1F5B-450A-B5C9-785210FA3844}.Release|x64.ActiveCfg = Release|x64
		{2727ED2F-1F5B-450A-B5C9-785210FA3844}.Release|x64.Build.0 = Release|x64
		{2727ED2F-1F5B-450A-B5C9-785210FA3844}.Release|x64.Deploy.0 = Release|x64
		{2727ED2F-1F5B-450A-B5C9-785210FA3844}.Release|x86.ActiveCfg = Release|x86
		{2727ED2F-1F5B-450A-B5C9-785210FA3844}.Release|x86.Build.0 = Release|x86
		{2727ED2F-1F5B-450A-B5C9-785210FA3844}.Release|x86.Deploy.0 = Release|x86
		{E4DDF981-04D7-4A25-BA8D-6F4DED70999F}.Ad-Hoc|Any CPU.ActiveCfg = Ad-Hoc|iPhone
		{E4DDF981-04D7-4A25-BA8D-6F4DED70999F}.Ad-Hoc|ARM.ActiveCfg = Ad-Hoc|iPhone
		{E4DDF981-04D7-4A25-BA8D-6F4DED70999F}.Ad-Hoc|iPhone.ActiveCfg = Ad-Hoc|iPhone
		{E4DDF981-04D7-4A25-BA8D-6F4DED70999F}.Ad-Hoc|iPhone.Build.0 = Ad-Hoc|iPhone
		{E4DDF981-04D7-4A25-BA8D-6F4DED70999F}.Ad-Hoc|iPhoneSimulator.ActiveCfg = Ad-Hoc|iPhoneSimulator
		{E4DDF981-04D7-4A25-BA8D-6F4DED70999F}.Ad-Hoc|iPhoneSimulator.Build.0 = Ad-Hoc|iPhoneSimulator
		{E4DDF981-04D7-4A25-BA8D-6F4DED70999F}.Ad-Hoc|x64.ActiveCfg = Ad-Hoc|iPhone
		{E4DDF981-04D7-4A25-BA8D-6F4DED70999F}.Ad-Hoc|x86.ActiveCfg = Ad-Hoc|iPhone
		{E4DDF981-04D7-4A25-BA8D-6F4DED70999F}.AppStore|Any CPU.ActiveCfg = AppStore|iPhone
		{E4DDF981-04D7-4A25-BA8D-6F4DED70999F}.AppStore|ARM.ActiveCfg = AppStore|iPhone
		{E4DDF981-04D7-4A25-BA8D-6F4DED70999F}.AppStore|iPhone.ActiveCfg = AppStore|iPhone
		{E4DDF981-04D7-4A25-BA8D-6F4DED70999F}.AppStore|iPhone.Build.0 = AppStore|iPhone
		{E4DDF981-04D7-4A25-BA8D-6F4DED70999F}.AppStore|iPhoneSimulator.ActiveCfg = AppStore|iPhoneSimulator
		{E4DDF981-04D7-4A25-BA8D-6F4DED70999F}.AppStore|iPhoneSimulator.Build.0 = AppStore|iPhoneSimulator
		{E4DDF981-04D7-4A25-BA8D-6F4DED70999F}.AppStore|x64.ActiveCfg = AppStore|iPhone
		{E4DDF981-04D7-4A25-BA8D-6F4DED70999F}.AppStore|x86.ActiveCfg = AppStore|iPhone
		{E4DDF981-04D7-4A25-BA8D-6F4DED70999F}.Debug|Any CPU.ActiveCfg = Debug|iPhone
		{E4DDF981-04D7-4A25-BA8D-6F4DED70999F}.Debug|ARM.ActiveCfg = Debug|iPhone
		{E4DDF981-04D7-4A25-BA8D-6F4DED70999F}.Debug|iPhone.ActiveCfg = Debug|iPhone
		{E4DDF981-04D7-4A25-BA8D-6F4DED70999F}.Debug|iPhone.Build.0 = Debug|iPhone
		{E4DDF981-04D7-4A25-BA8D-6F4DED70999F}.Debug|iPhoneSimulator.ActiveCfg = Debug|iPhoneSimulator
		{E4DDF981-04D7-4A25-BA8D-6F4DED70999F}.Debug|iPhoneSimulator.Build.0 = Debug|iPhoneSimulator
		{E4DDF981-04D7-4A25-BA8D-6F4DED70999F}.Debug|x64.ActiveCfg = Debug|iPhone
		{E4DDF981-04D7-4A25-BA8D-6F4DED70999F}.Debug|x86.ActiveCfg = Debug|iPhone
		{E4DDF981-04D7-4A25-BA8D-6F4DED70999F}.Release|Any CPU.ActiveCfg = Release|iPhone
		{E4DDF981-04D7-4A25-BA8D-6F4DED70999F}.Release|ARM.ActiveCfg = Release|iPhone
		{E4DDF981-04D7-4A25-BA8D-6F4DED70999F}.Release|iPhone.ActiveCfg = Release|iPhone
		{E4DDF981-04D7-4A25-BA8D-6F4DED70999F}.Release|iPhone.Build.0 = Release|iPhone
		{E4DDF981-04D7-4A25-BA8D-6F4DED70999F}.Release|iPhoneSimulator.ActiveCfg = Release|iPhoneSimulator
		{E4DDF981-04D7-4A25-BA8D-6F4DED70999F}.Release|iPhoneSimulator.Build.0 = Release|iPhoneSimulator
		{E4DDF981-04D7-4A25-BA8D-6F4DED70999F}.Release|x64.ActiveCfg = Release|iPhone
		{E4DDF981-04D7-4A25-BA8D-6F4DED70999F}.Release|x86.ActiveCfg = Release|iPhone
	EndGlobalSection
	GlobalSection(SolutionProperties) = preSolution
		HideSolutionNode = FALSE
	EndGlobalSection
	GlobalSection(ExtensibilityGlobals) = postSolution
		SolutionGuid = {BE445D28-9C5D-4CF8-9C53-F54439FBE407}
	EndGlobalSection
EndGlobal
